// !$*UTF8*$!
{
	archiveVersion = 1;
	classes = {
	};
	objectVersion = 55;
	objects = {

/* Begin PBXBuildFile section */
		B0988A512816B045009D5DC3 /* AppDelegate.swift in Sources */ = {isa = PBXBuildFile; fileRef = B0988A502816B045009D5DC3 /* AppDelegate.swift */; };
		B0988A532816B045009D5DC3 /* SceneDelegate.swift in Sources */ = {isa = PBXBuildFile; fileRef = B0988A522816B045009D5DC3 /* SceneDelegate.swift */; };
		B0988A552816B045009D5DC3 /* ViewController.swift in Sources */ = {isa = PBXBuildFile; fileRef = B0988A542816B045009D5DC3 /* ViewController.swift */; };
		B0988A582816B045009D5DC3 /* Main.storyboard in Resources */ = {isa = PBXBuildFile; fileRef = B0988A562816B045009D5DC3 /* Main.storyboard */; };
		B0988A5A2816B047009D5DC3 /* Assets.xcassets in Resources */ = {isa = PBXBuildFile; fileRef = B0988A592816B047009D5DC3 /* Assets.xcassets */; };
		B0988A5D2816B047009D5DC3 /* LaunchScreen.storyboard in Resources */ = {isa = PBXBuildFile; fileRef = B0988A5B2816B047009D5DC3 /* LaunchScreen.storyboard */; };
		B0988A682816B047009D5DC3 /* PocketScannerTests.swift in Sources */ = {isa = PBXBuildFile; fileRef = B0988A672816B047009D5DC3 /* PocketScannerTests.swift */; };
		B0988A722816B047009D5DC3 /* PocketScannerUITests.swift in Sources */ = {isa = PBXBuildFile; fileRef = B0988A712816B047009D5DC3 /* PocketScannerUITests.swift */; };
		B0988A742816B047009D5DC3 /* PocketScannerUITestsLaunchTests.swift in Sources */ = {isa = PBXBuildFile; fileRef = B0988A732816B047009D5DC3 /* PocketScannerUITestsLaunchTests.swift */; };
/* End PBXBuildFile section */

/* Begin PBXContainerItemProxy section */
		B0988A642816B047009D5DC3 /* PBXContainerItemProxy */ = {
			isa = PBXContainerItemProxy;
			containerPortal = B0988A452816B045009D5DC3 /* Project object */;
			proxyType = 1;
			remoteGlobalIDString = B0988A4C2816B045009D5DC3;
			remoteInfo = PocketScanner;
		};
		B0988A6E2816B047009D5DC3 /* PBXContainerItemProxy */ = {
			isa = PBXContainerItemProxy;
			containerPortal = B0988A452816B045009D5DC3 /* Project object */;
			proxyType = 1;
			remoteGlobalIDString = B0988A4C2816B045009D5DC3;
			remoteInfo = PocketScanner;
		};
/* End PBXContainerItemProxy section */

/* Begin PBXFileReference section */
		B0988A4D2816B045009D5DC3 /* PocketScanner.app */ = {isa = PBXFileReference; explicitFileType = wrapper.application; includeInIndex = 0; path = PocketScanner.app; sourceTree = BUILT_PRODUCTS_DIR; };
		B0988A502816B045009D5DC3 /* AppDelegate.swift */ = {isa = PBXFileReference; lastKnownFileType = sourcecode.swift; path = AppDelegate.swift; sourceTree = "<group>"; };
		B0988A522816B045009D5DC3 /* SceneDelegate.swift */ = {isa = PBXFileReference; lastKnownFileType = sourcecode.swift; path = SceneDelegate.swift; sourceTree = "<group>"; };
		B0988A542816B045009D5DC3 /* ViewController.swift */ = {isa = PBXFileReference; lastKnownFileType = sourcecode.swift; path = ViewController.swift; sourceTree = "<group>"; };
		B0988A572816B045009D5DC3 /* Base */ = {isa = PBXFileReference; lastKnownFileType = file.storyboard; name = Base; path = Base.lproj/Main.storyboard; sourceTree = "<group>"; };
		B0988A592816B047009D5DC3 /* Assets.xcassets */ = {isa = PBXFileReference; lastKnownFileType = folder.assetcatalog; path = Assets.xcassets; sourceTree = "<group>"; };
		B0988A5C2816B047009D5DC3 /* Base */ = {isa = PBXFileReference; lastKnownFileType = file.storyboard; name = Base; path = Base.lproj/LaunchScreen.storyboard; sourceTree = "<group>"; };
		B0988A5E2816B047009D5DC3 /* Info.plist */ = {isa = PBXFileReference; lastKnownFileType = text.plist.xml; path = Info.plist; sourceTree = "<group>"; };
		B0988A632816B047009D5DC3 /* PocketScannerTests.xctest */ = {isa = PBXFileReference; explicitFileType = wrapper.cfbundle; includeInIndex = 0; path = PocketScannerTests.xctest; sourceTree = BUILT_PRODUCTS_DIR; };
		B0988A672816B047009D5DC3 /* PocketScannerTests.swift */ = {isa = PBXFileReference; lastKnownFileType = sourcecode.swift; path = PocketScannerTests.swift; sourceTree = "<group>"; };
		B0988A6D2816B047009D5DC3 /* PocketScannerUITests.xctest */ = {isa = PBXFileReference; explicitFileType = wrapper.cfbundle; includeInIndex = 0; path = PocketScannerUITests.xctest; sourceTree = BUILT_PRODUCTS_DIR; };
		B0988A712816B047009D5DC3 /* PocketScannerUITests.swift */ = {isa = PBXFileReference; lastKnownFileType = sourcecode.swift; path = PocketScannerUITests.swift; sourceTree = "<group>"; };
		B0988A732816B047009D5DC3 /* PocketScannerUITestsLaunchTests.swift */ = {isa = PBXFileReference; lastKnownFileType = sourcecode.swift; path = PocketScannerUITestsLaunchTests.swift; sourceTree = "<group>"; };
/* End PBXFileReference section */

/* Begin PBXFrameworksBuildPhase section */
		B0988A4A2816B045009D5DC3 /* Frameworks */ = {
			isa = PBXFrameworksBuildPhase;
			buildActionMask = 2147483647;
			files = (
			);
			runOnlyForDeploymentPostprocessing = 0;
		};
		B0988A602816B047009D5DC3 /* Frameworks */ = {
			isa = PBXFrameworksBuildPhase;
			buildActionMask = 2147483647;
			files = (
			);
			runOnlyForDeploymentPostprocessing = 0;
		};
		B0988A6A2816B047009D5DC3 /* Frameworks */ = {
			isa = PBXFrameworksBuildPhase;
			buildActionMask = 2147483647;
			files = (
			);
			runOnlyForDeploymentPostprocessing = 0;
		};
/* End PBXFrameworksBuildPhase section */

/* Begin PBXGroup section */
		B0988A442816B045009D5DC3 = {
			isa = PBXGroup;
			children = (
				B0988A4F2816B045009D5DC3 /* PocketScanner */,
				B0988A662816B047009D5DC3 /* PocketScannerTests */,
				B0988A702816B047009D5DC3 /* PocketScannerUITests */,
				B0988A4E2816B045009D5DC3 /* Products */,
			);
			sourceTree = "<group>";
		};
		B0988A4E2816B045009D5DC3 /* Products */ = {
			isa = PBXGroup;
			children = (
				B0988A4D2816B045009D5DC3 /* PocketScanner.app */,
				B0988A632816B047009D5DC3 /* PocketScannerTests.xctest */,
				B0988A6D2816B047009D5DC3 /* PocketScannerUITests.xctest */,
			);
			name = Products;
			sourceTree = "<group>";
		};
		B0988A4F2816B045009D5DC3 /* PocketScanner */ = {
			isa = PBXGroup;
			children = (
				B0988A502816B045009D5DC3 /* AppDelegate.swift */,
				B0988A522816B045009D5DC3 /* SceneDelegate.swift */,
				B0988A542816B045009D5DC3 /* ViewController.swift */,
				B0988A562816B045009D5DC3 /* Main.storyboard */,
				B0988A592816B047009D5DC3 /* Assets.xcassets */,
				B0988A5B2816B047009D5DC3 /* LaunchScreen.storyboard */,
				B0988A5E2816B047009D5DC3 /* Info.plist */,
			);
			path = PocketScanner;
			sourceTree = "<group>";
		};
		B0988A662816B047009D5DC3 /* PocketScannerTests */ = {
			isa = PBXGroup;
			children = (
				B0988A672816B047009D5DC3 /* PocketScannerTests.swift */,
			);
			path = PocketScannerTests;
			sourceTree = "<group>";
		};
		B0988A702816B047009D5DC3 /* PocketScannerUITests */ = {
			isa = PBXGroup;
			children = (
				B0988A712816B047009D5DC3 /* PocketScannerUITests.swift */,
				B0988A732816B047009D5DC3 /* PocketScannerUITestsLaunchTests.swift */,
			);
			path = PocketScannerUITests;
			sourceTree = "<group>";
		};
/* End PBXGroup section */

/* Begin PBXNativeTarget section */
		B0988A4C2816B045009D5DC3 /* PocketScanner */ = {
			isa = PBXNativeTarget;
			buildConfigurationList = B0988A772816B047009D5DC3 /* Build configuration list for PBXNativeTarget "PocketScanner" */;
			buildPhases = (
				B0988A492816B045009D5DC3 /* Sources */,
				B0988A4A2816B045009D5DC3 /* Frameworks */,
				B0988A4B2816B045009D5DC3 /* Resources */,
			);
			buildRules = (
			);
			dependencies = (
			);
			name = PocketScanner;
			productName = PocketScanner;
			productReference = B0988A4D2816B045009D5DC3 /* PocketScanner.app */;
			productType = "com.apple.product-type.application";
		};
		B0988A622816B047009D5DC3 /* PocketScannerTests */ = {
			isa = PBXNativeTarget;
			buildConfigurationList = B0988A7A2816B047009D5DC3 /* Build configuration list for PBXNativeTarget "PocketScannerTests" */;
			buildPhases = (
				B0988A5F2816B047009D5DC3 /* Sources */,
				B0988A602816B047009D5DC3 /* Frameworks */,
				B0988A612816B047009D5DC3 /* Resources */,
			);
			buildRules = (
			);
			dependencies = (
				B0988A652816B047009D5DC3 /* PBXTargetDependency */,
			);
			name = PocketScannerTests;
			productName = PocketScannerTests;
			productReference = B0988A632816B047009D5DC3 /* PocketScannerTests.xctest */;
			productType = "com.apple.product-type.bundle.unit-test";
		};
		B0988A6C2816B047009D5DC3 /* PocketScannerUITests */ = {
			isa = PBXNativeTarget;
			buildConfigurationList = B0988A7D2816B047009D5DC3 /* Build configuration list for PBXNativeTarget "PocketScannerUITests" */;
			buildPhases = (
				B0988A692816B047009D5DC3 /* Sources */,
				B0988A6A2816B047009D5DC3 /* Frameworks */,
				B0988A6B2816B047009D5DC3 /* Resources */,
			);
			buildRules = (
			);
			dependencies = (
				B0988A6F2816B047009D5DC3 /* PBXTargetDependency */,
			);
			name = PocketScannerUITests;
			productName = PocketScannerUITests;
			productReference = B0988A6D2816B047009D5DC3 /* PocketScannerUITests.xctest */;
			productType = "com.apple.product-type.bundle.ui-testing";
		};
/* End PBXNativeTarget section */

/* Begin PBXProject section */
		B0988A452816B045009D5DC3 /* Project object */ = {
			isa = PBXProject;
			attributes = {
				BuildIndependentTargetsInParallel = 1;
				LastSwiftUpdateCheck = 1330;
				LastUpgradeCheck = 1330;
				TargetAttributes = {
					B0988A4C2816B045009D5DC3 = {
						CreatedOnToolsVersion = 13.3;
					};
					B0988A622816B047009D5DC3 = {
						CreatedOnToolsVersion = 13.3;
						TestTargetID = B0988A4C2816B045009D5DC3;
					};
					B0988A6C2816B047009D5DC3 = {
						CreatedOnToolsVersion = 13.3;
						TestTargetID = B0988A4C2816B045009D5DC3;
					};
				};
			};
			buildConfigurationList = B0988A482816B045009D5DC3 /* Build configuration list for PBXProject "PocketScanner" */;
			compatibilityVersion = "Xcode 13.0";
			developmentRegion = en;
			hasScannedForEncodings = 0;
			knownRegions = (
				en,
				Base,
			);
			mainGroup = B0988A442816B045009D5DC3;
			productRefGroup = B0988A4E2816B045009D5DC3 /* Products */;
			projectDirPath = "";
			projectRoot = "";
			targets = (
				B0988A4C2816B045009D5DC3 /* PocketScanner */,
				B0988A622816B047009D5DC3 /* PocketScannerTests */,
				B0988A6C2816B047009D5DC3 /* PocketScannerUITests */,
			);
		};
/* End PBXProject section */

/* Begin PBXResourcesBuildPhase section */
		B0988A4B2816B045009D5DC3 /* Resources */ = {
			isa = PBXResourcesBuildPhase;
			buildActionMask = 2147483647;
			files = (
				B0988A5D2816B047009D5DC3 /* LaunchScreen.storyboard in Resources */,
				B0988A5A2816B047009D5DC3 /* Assets.xcassets in Resources */,
				B0988A582816B045009D5DC3 /* Main.storyboard in Resources */,
			);
			runOnlyForDeploymentPostprocessing = 0;
		};
		B0988A612816B047009D5DC3 /* Resources */ = {
			isa = PBXResourcesBuildPhase;
			buildActionMask = 2147483647;
			files = (
			);
			runOnlyForDeploymentPostprocessing = 0;
		};
		B0988A6B2816B047009D5DC3 /* Resources */ = {
			isa = PBXResourcesBuildPhase;
			buildActionMask = 2147483647;
			files = (
			);
			runOnlyForDeploymentPostprocessing = 0;
		};
/* End PBXResourcesBuildPhase section */

/* Begin PBXSourcesBuildPhase section */
		B0988A492816B045009D5DC3 /* Sources */ = {
			isa = PBXSourcesBuildPhase;
			buildActionMask = 2147483647;
			files = (
				B0988A552816B045009D5DC3 /* ViewController.swift in Sources */,
				B0988A512816B045009D5DC3 /* AppDelegate.swift in Sources */,
				B0988A532816B045009D5DC3 /* SceneDelegate.swift in Sources */,
			);
			runOnlyForDeploymentPostprocessing = 0;
		};
		B0988A5F2816B047009D5DC3 /* Sources */ = {
			isa = PBXSourcesBuildPhase;
			buildActionMask = 2147483647;
			files = (
				B0988A682816B047009D5DC3 /* PocketScannerTests.swift in Sources */,
			);
			runOnlyForDeploymentPostprocessing = 0;
		};
		B0988A692816B047009D5DC3 /* Sources */ = {
			isa = PBXSourcesBuildPhase;
			buildActionMask = 2147483647;
			files = (
				B0988A722816B047009D5DC3 /* PocketScannerUITests.swift in Sources */,
				B0988A742816B047009D5DC3 /* PocketScannerUITestsLaunchTests.swift in Sources */,
			);
			runOnlyForDeploymentPostprocessing = 0;
		};
/* End PBXSourcesBuildPhase section */

/* Begin PBXTargetDependency section */
		B0988A652816B047009D5DC3 /* PBXTargetDependency */ = {
			isa = PBXTargetDependency;
			target = B0988A4C2816B045009D5DC3 /* PocketScanner */;
			targetProxy = B0988A642816B047009D5DC3 /* PBXContainerItemProxy */;
		};
		B0988A6F2816B047009D5DC3 /* PBXTargetDependency */ = {
			isa = PBXTargetDependency;
			target = B0988A4C2816B045009D5DC3 /* PocketScanner */;
			targetProxy = B0988A6E2816B047009D5DC3 /* PBXContainerItemProxy */;
		};
/* End PBXTargetDependency section */

/* Begin PBXVariantGroup section */
		B0988A562816B045009D5DC3 /* Main.storyboard */ = {
			isa = PBXVariantGroup;
			children = (
				B0988A572816B045009D5DC3 /* Base */,
			);
			name = Main.storyboard;
			sourceTree = "<group>";
		};
		B0988A5B2816B047009D5DC3 /* LaunchScreen.storyboard */ = {
			isa = PBXVariantGroup;
			children = (
				B0988A5C2816B047009D5DC3 /* Base */,
			);
			name = LaunchScreen.storyboard;
			sourceTree = "<group>";
		};
/* End PBXVariantGroup section */

/* Begin XCBuildConfiguration section */
		B0988A752816B047009D5DC3 /* Debug */ = {
			isa = XCBuildConfiguration;
			buildSettings = {
				ALWAYS_SEARCH_USER_PATHS = NO;
				CLANG_ANALYZER_NONNULL = YES;
				CLANG_ANALYZER_NUMBER_OBJECT_CONVERSION = YES_AGGRESSIVE;
				CLANG_CXX_LANGUAGE_STANDARD = "gnu++17";
				CLANG_ENABLE_MODULES = YES;
				CLANG_ENABLE_OBJC_ARC = YES;
				CLANG_ENABLE_OBJC_WEAK = YES;
				CLANG_WARN_BLOCK_CAPTURE_AUTORELEASING = YES;
				CLANG_WARN_BOOL_CONVERSION = YES;
				CLANG_WARN_COMMA = YES;
				CLANG_WARN_CONSTANT_CONVERSION = YES;
				CLANG_WARN_DEPRECATED_OBJC_IMPLEMENTATIONS = YES;
				CLANG_WARN_DIRECT_OBJC_ISA_USAGE = YES_ERROR;
				CLANG_WARN_DOCUMENTATION_COMMENTS = YES;
				CLANG_WARN_EMPTY_BODY = YES;
				CLANG_WARN_ENUM_CONVERSION = YES;
				CLANG_WARN_INFINITE_RECURSION = YES;
				CLANG_WARN_INT_CONVERSION = YES;
				CLANG_WARN_NON_LITERAL_NULL_CONVERSION = YES;
				CLANG_WARN_OBJC_IMPLICIT_RETAIN_SELF = YES;
				CLANG_WARN_OBJC_LITERAL_CONVERSION = YES;
				CLANG_WARN_OBJC_ROOT_CLASS = YES_ERROR;
				CLANG_WARN_QUOTED_INCLUDE_IN_FRAMEWORK_HEADER = YES;
				CLANG_WARN_RANGE_LOOP_ANALYSIS = YES;
				CLANG_WARN_STRICT_PROTOTYPES = YES;
				CLANG_WARN_SUSPICIOUS_MOVE = YES;
				CLANG_WARN_UNGUARDED_AVAILABILITY = YES_AGGRESSIVE;
				CLANG_WARN_UNREACHABLE_CODE = YES;
				CLANG_WARN__DUPLICATE_METHOD_MATCH = YES;
				COPY_PHASE_STRIP = NO;
				DEBUG_INFORMATION_FORMAT = dwarf;
				ENABLE_STRICT_OBJC_MSGSEND = YES;
				ENABLE_TESTABILITY = YES;
				GCC_C_LANGUAGE_STANDARD = gnu11;
				GCC_DYNAMIC_NO_PIC = NO;
				GCC_NO_COMMON_BLOCKS = YES;
				GCC_OPTIMIZATION_LEVEL = 0;
				GCC_PREPROCESSOR_DEFINITIONS = (
					"DEBUG=1",
					"$(inherited)",
				);
				GCC_WARN_64_TO_32_BIT_CONVERSION = YES;
				GCC_WARN_ABOUT_RETURN_TYPE = YES_ERROR;
				GCC_WARN_UNDECLARED_SELECTOR = YES;
				GCC_WARN_UNINITIALIZED_AUTOS = YES_AGGRESSIVE;
				GCC_WARN_UNUSED_FUNCTION = YES;
				GCC_WARN_UNUSED_VARIABLE = YES;
				IPHONEOS_DEPLOYMENT_TARGET = 15.4;
				MTL_ENABLE_DEBUG_INFO = INCLUDE_SOURCE;
				MTL_FAST_MATH = YES;
				ONLY_ACTIVE_ARCH = YES;
				SDKROOT = iphoneos;
				SWIFT_ACTIVE_COMPILATION_CONDITIONS = DEBUG;
				SWIFT_OPTIMIZATION_LEVEL = "-Onone";
			};
			name = Debug;
		};
		B0988A762816B047009D5DC3 /* Release */ = {
			isa = XCBuildConfiguration;
			buildSettings = {
				ALWAYS_SEARCH_USER_PATHS = NO;
				CLANG_ANALYZER_NONNULL = YES;
				CLANG_ANALYZER_NUMBER_OBJECT_CONVERSION = YES_AGGRESSIVE;
				CLANG_CXX_LANGUAGE_STANDARD = "gnu++17";
				CLANG_ENABLE_MODULES = YES;
				CLANG_ENABLE_OBJC_ARC = YES;
				CLANG_ENABLE_OBJC_WEAK = YES;
				CLANG_WARN_BLOCK_CAPTURE_AUTORELEASING = YES;
				CLANG_WARN_BOOL_CONVERSION = YES;
				CLANG_WARN_COMMA = YES;
				CLANG_WARN_CONSTANT_CONVERSION = YES;
				CLANG_WARN_DEPRECATED_OBJC_IMPLEMENTATIONS = YES;
				CLANG_WARN_DIRECT_OBJC_ISA_USAGE = YES_ERROR;
				CLANG_WARN_DOCUMENTATION_COMMENTS = YES;
				CLANG_WARN_EMPTY_BODY = YES;
				CLANG_WARN_ENUM_CONVERSION = YES;
				CLANG_WARN_INFINITE_RECURSION = YES;
				CLANG_WARN_INT_CONVERSION = YES;
				CLANG_WARN_NON_LITERAL_NULL_CONVERSION = YES;
				CLANG_WARN_OBJC_IMPLICIT_RETAIN_SELF = YES;
				CLANG_WARN_OBJC_LITERAL_CONVERSION = YES;
				CLANG_WARN_OBJC_ROOT_CLASS = YES_ERROR;
				CLANG_WARN_QUOTED_INCLUDE_IN_FRAMEWORK_HEADER = YES;
				CLANG_WARN_RANGE_LOOP_ANALYSIS = YES;
				CLANG_WARN_STRICT_PROTOTYPES = YES;
				CLANG_WARN_SUSPICIOUS_MOVE = YES;
				CLANG_WARN_UNGUARDED_AVAILABILITY = YES_AGGRESSIVE;
				CLANG_WARN_UNREACHABLE_CODE = YES;
				CLANG_WARN__DUPLICATE_METHOD_MATCH = YES;
				COPY_PHASE_STRIP = NO;
				DEBUG_INFORMATION_FORMAT = "dwarf-with-dsym";
				ENABLE_NS_ASSERTIONS = NO;
				ENABLE_STRICT_OBJC_MSGSEND = YES;
				GCC_C_LANGUAGE_STANDARD = gnu11;
				GCC_NO_COMMON_BLOCKS = YES;
				GCC_WARN_64_TO_32_BIT_CONVERSION = YES;
				GCC_WARN_ABOUT_RETURN_TYPE = YES_ERROR;
				GCC_WARN_UNDECLARED_SELECTOR = YES;
				GCC_WARN_UNINITIALIZED_AUTOS = YES_AGGRESSIVE;
				GCC_WARN_UNUSED_FUNCTION = YES;
				GCC_WARN_UNUSED_VARIABLE = YES;
				IPHONEOS_DEPLOYMENT_TARGET = 15.4;
				MTL_ENABLE_DEBUG_INFO = NO;
				MTL_FAST_MATH = YES;
				SDKROOT = iphoneos;
				SWIFT_COMPILATION_MODE = wholemodule;
				SWIFT_OPTIMIZATION_LEVEL = "-O";
				VALIDATE_PRODUCT = YES;
			};
			name = Release;
		};
		B0988A782816B047009D5DC3 /* Debug */ = {
			isa = XCBuildConfiguration;
			buildSettings = {
				ASSETCATALOG_COMPILER_APPICON_NAME = AppIcon;
				ASSETCATALOG_COMPILER_GLOBAL_ACCENT_COLOR_NAME = AccentColor;
				CODE_SIGN_STYLE = Automatic;
				CURRENT_PROJECT_VERSION = 1;
				DEVELOPMENT_TEAM = MMBFGFQP35;
				GENERATE_INFOPLIST_FILE = YES;
				INFOPLIST_FILE = PocketScanner/Info.plist;
				INFOPLIST_KEY_UIApplicationSupportsIndirectInputEvents = YES;
				INFOPLIST_KEY_UILaunchStoryboardName = LaunchScreen;
				INFOPLIST_KEY_UIMainStoryboardFile = Main;
				INFOPLIST_KEY_UISupportedInterfaceOrientations_iPad = "UIInterfaceOrientationPortrait UIInterfaceOrientationPortraitUpsideDown UIInterfaceOrientationLandscapeLeft UIInterfaceOrientationLandscapeRight";
				INFOPLIST_KEY_UISupportedInterfaceOrientations_iPhone = "UIInterfaceOrientationPortrait UIInterfaceOrientationLandscapeLeft UIInterfaceOrientationLandscapeRight";
				LD_RUNPATH_SEARCH_PATHS = (
					"$(inherited)",
					"@executable_path/Frameworks",
				);
				MARKETING_VERSION = 1.0;
				PRODUCT_BUNDLE_IDENTIFIER = com.melvinliu.PocketScanner;
				PRODUCT_NAME = "$(TARGET_NAME)";
				SWIFT_EMIT_LOC_STRINGS = YES;
				SWIFT_VERSION = 5.0;
				TARGETED_DEVICE_FAMILY = "1,2";
			};
			name = Debug;
		};
		B0988A792816B047009D5DC3 /* Release */ = {
			isa = XCBuildConfiguration;
			buildSettings = {
				ASSETCATALOG_COMPILER_APPICON_NAME = AppIcon;
				ASSETCATALOG_COMPILER_GLOBAL_ACCENT_COLOR_NAME = AccentColor;
				CODE_SIGN_STYLE = Automatic;
				CURRENT_PROJECT_VERSION = 1;
				DEVELOPMENT_TEAM = MMBFGFQP35;
				GENERATE_INFOPLIST_FILE = YES;
				INFOPLIST_FILE = PocketScanner/Info.plist;
				INFOPLIST_KEY_UIApplicationSupportsIndirectInputEvents = YES;
				INFOPLIST_KEY_UILaunchStoryboardName = LaunchScreen;
				INFOPLIST_KEY_UIMainStoryboardFile = Main;
				INFOPLIST_KEY_UISupportedInterfaceOrientations_iPad = "UIInterfaceOrientationPortrait UIInterfaceOrientationPortraitUpsideDown UIInterfaceOrientationLandscapeLeft UIInterfaceOrientationLandscapeRight";
				INFOPLIST_KEY_UISupportedInterfaceOrientations_iPhone = "UIInterfaceOrientationPortrait UIInterfaceOrientationLandscapeLeft UIInterfaceOrientationLandscapeRight";
				LD_RUNPATH_SEARCH_PATHS = (
					"$(inherited)",
					"@executable_path/Frameworks",
				);
				MARKETING_VERSION = 1.0;
				PRODUCT_BUNDLE_IDENTIFIER = com.melvinliu.PocketScanner;
				PRODUCT_NAME = "$(TARGET_NAME)";
				SWIFT_EMIT_LOC_STRINGS = YES;
				SWIFT_VERSION = 5.0;
				TARGETED_DEVICE_FAMILY = "1,2";
			};
			name = Release;
		};
		B0988A7B2816B047009D5DC3 /* Debug */ = {
			isa = XCBuildConfiguration;
			buildSettings = {
				ALWAYS_EMBED_SWIFT_STANDARD_LIBRARIES = YES;
				BUNDLE_LOADER = "$(TEST_HOST)";
				CODE_SIGN_STYLE = Automatic;
				CURRENT_PROJECT_VERSION = 1;
				DEVELOPMENT_TEAM = MMBFGFQP35;
				GENERATE_INFOPLIST_FILE = YES;
				IPHONEOS_DEPLOYMENT_TARGET = 15.4;
				MARKETING_VERSION = 1.0;
				PRODUCT_BUNDLE_IDENTIFIER = com.melvinliu.PocketScannerTests;
				PRODUCT_NAME = "$(TARGET_NAME)";
				SWIFT_EMIT_LOC_STRINGS = NO;
				SWIFT_VERSION = 5.0;
				TARGETED_DEVICE_FAMILY = "1,2";
				TEST_HOST = "$(BUILT_PRODUCTS_DIR)/PocketScanner.app/PocketScanner";
			};
			name = Debug;
		};
		B0988A7C2816B047009D5DC3 /* Release */ = {
			isa = XCBuildConfiguration;
			buildSettings = {
				ALWAYS_EMBED_SWIFT_STANDARD_LIBRARIES = YES;
				BUNDLE_LOADER = "$(TEST_HOST)";
				CODE_SIGN_STYLE = Automatic;
				CURRENT_PROJECT_VERSION = 1;
				DEVELOPMENT_TEAM = MMBFGFQP35;
				GENERATE_INFOPLIST_FILE = YES;
				IPHONEOS_DEPLOYMENT_TARGET = 15.4;
				MARKETING_VERSION = 1.0;
				PRODUCT_BUNDLE_IDENTIFIER = com.melvinliu.PocketScannerTests;
				PRODUCT_NAME = "$(TARGET_NAME)";
				SWIFT_EMIT_LOC_STRINGS = NO;
				SWIFT_VERSION = 5.0;
				TARGETED_DEVICE_FAMILY = "1,2";
				TEST_HOST = "$(BUILT_PRODUCTS_DIR)/PocketScanner.app/PocketScanner";
			};
			name = Release;
		};
		B0988A7E2816B047009D5DC3 /* Debug */ = {
			isa = XCBuildConfiguration;
			buildSettings = {
				ALWAYS_EMBED_SWIFT_STANDARD_LIBRARIES = YES;
				CODE_SIGN_STYLE = Automatic;
				CURRENT_PROJECT_VERSION = 1;
				DEVELOPMENT_TEAM = MMBFGFQP35;
				GENERATE_INFOPLIST_FILE = YES;
				MARKETING_VERSION = 1.0;
				PRODUCT_BUNDLE_IDENTIFIER = com.melvinliu.PocketScannerUITests;
				PRODUCT_NAME = "$(TARGET_NAME)";
				SWIFT_EMIT_LOC_STRINGS = NO;
				SWIFT_VERSION = 5.0;
				TARGETED_DEVICE_FAMILY = "1,2";
				TEST_TARGET_NAME = PocketScanner;
			};
			name = Debug;
		};
		B0988A7F2816B047009D5DC3 /* Release */ = {
			isa = XCBuildConfiguration;
			buildSettings = {
				ALWAYS_EMBED_SWIFT_STANDARD_LIBRARIES = YES;
				CODE_SIGN_STYLE = Automatic;
				CURRENT_PROJECT_VERSION = 1;
				DEVELOPMENT_TEAM = MMBFGFQP35;
				GENERATE_INFOPLIST_FILE = YES;
				MARKETING_VERSION = 1.0;
				PRODUCT_BUNDLE_IDENTIFIER = com.melvinliu.PocketScannerUITests;
				PRODUCT_NAME = "$(TARGET_NAME)";
				SWIFT_EMIT_LOC_STRINGS = NO;
				SWIFT_VERSION = 5.0;
				TARGETED_DEVICE_FAMILY = "1,2";
				TEST_TARGET_NAME = PocketScanner;
			};
			name = Release;
		};
/* End XCBuildConfiguration section */

/* Begin XCConfigurationList section */
		B0988A482816B045009D5DC3 /* Build configuration list for PBXProject "PocketScanner" */ = {
			isa = XCConfigurationList;
			buildConfigurations = (
				B0988A752816B047009D5DC3 /* Debug */,
				B0988A762816B047009D5DC3 /* Release */,
			);
			defaultConfigurationIsVisible = 0;
			defaultConfigurationName = Release;
		};
		B0988A772816B047009D5DC3 /* Build configuration list for PBXNativeTarget "PocketScanner" */ = {
			isa = XCConfigurationList;
			buildConfigurations = (
				B0988A782816B047009D5DC3 /* Debug */,
				B0988A792816B047009D5DC3 /* Release */,
			);
			defaultConfigurationIsVisible = 0;
			defaultConfigurationName = Release;
		};
		B0988A7A2816B047009D5DC3 /* Build configuration list for PBXNativeTarget "PocketScannerTests" */ = {
			isa = XCConfigurationList;
			buildConfigurations = (
				B0988A7B2816B047009D5DC3 /* Debug */,
				B0988A7C2816B047009D5DC3 /* Release */,
			);
			defaultConfigurationIsVisible = 0;
			defaultConfigurationName = Release;
		};
		B0988A7D2816B047009D5DC3 /* Build configuration list for PBXNativeTarget "PocketScannerUITests" */ = {
			isa = XCConfigurationList;
			buildConfigurations = (
				B0988A7E2816B047009D5DC3 /* Debug */,
				B0988A7F2816B047009D5DC3 /* Release */,
			);
			defaultConfigurationIsVisible = 0;
			defaultConfigurationName = Release;
		};
/* End XCConfigurationList section */
	};
	rootObject = B0988A452816B045009D5DC3 /* Project object */;
}
